
Microsoft Visual Studio Solution File, Format Version 12.00
# Visual Studio 15
VisualStudioVersion = 15.0.27004.2005
MinimumVisualStudioVersion = 10.0.40219.1
Project("{FAE04EC0-301F-11D3-BF4B-00C04F79EFBC}") = "DatenfeldVerzweigt", "DatenfeldVerzweigt\DatenfeldVerzweigt.csproj", "{3815D1F4-8929-4875-9B5E-EF45A5C02329}"
EndProject
Global
	GlobalSection(SolutionConfigurationPlatforms) = preSolution
		Debug|Any CPU = Debug|Any CPU
		Release|Any CPU = Release|Any CPU
	EndGlobalSection
	GlobalSection(ProjectConfigurationPlatforms) = postSolution
		{3815D1F4-8929-4875-9B5E-EF45A5C02329}.Debug|Any CPU.ActiveCfg = Debug|Any CPU
		{3815D1F4-8929-4875-9B5E-EF45A5C02329}.Debug|Any CPU.Build.0 = Debug|Any CPU
		{3815D1F4-8929-4875-9B5E-EF45A5C02329}.Release|Any CPU.ActiveCfg = Release|Any CPU
		{3815D1F4-8929-4875-9B5E-EF45A5C02329}.Release|Any CPU.Build.0 = Release|Any CPU
	EndGlobalSection
	GlobalSection(SolutionProperties) = preSolution
		HideSolutionNode = FALSE
	EndGlobalSection
	GlobalSection(ExtensibilityGlobals) = postSolution
		SolutionGuid = {BB3E1BE9-2C4E-4AED-ADC9-47C25254D3FD}
	EndGlobalSection
EndGlobal
