
Microsoft Visual Studio Solution File, Format Version 12.00
# Visual Studio 15
VisualStudioVersion = 15.0.26730.10
MinimumVisualStudioVersion = 10.0.40219.1
Project("{FAE04EC0-301F-11D3-BF4B-00C04F79EFBC}") = "UDatenfeldEindimensional", "UDatenfeldEindimensional\UDatenfeldEindimensional.csproj", "{ACE54A00-C9E8-43E7-B0FE-22AEC96DA2B2}"
EndProject
Global
	GlobalSection(SolutionConfigurationPlatforms) = preSolution
		Debug|Any CPU = Debug|Any CPU
		Release|Any CPU = Release|Any CPU
	EndGlobalSection
	GlobalSection(ProjectConfigurationPlatforms) = postSolution
		{ACE54A00-C9E8-43E7-B0FE-22AEC96DA2B2}.Debug|Any CPU.ActiveCfg = Debug|Any CPU
		{ACE54A00-C9E8-43E7-B0FE-22AEC96DA2B2}.Debug|Any CPU.Build.0 = Debug|Any CPU
		{ACE54A00-C9E8-43E7-B0FE-22AEC96DA2B2}.Release|Any CPU.ActiveCfg = Release|Any CPU
		{ACE54A00-C9E8-43E7-B0FE-22AEC96DA2B2}.Release|Any CPU.Build.0 = Release|Any CPU
	EndGlobalSection
	GlobalSection(SolutionProperties) = preSolution
		HideSolutionNode = FALSE
	EndGlobalSection
	GlobalSection(ExtensibilityGlobals) = postSolution
		SolutionGuid = {6FB45E95-57B6-408A-84F5-2D9CDFABFE46}
	EndGlobalSection
EndGlobal
