
Microsoft Visual Studio Solution File, Format Version 12.00
# Visual Studio 15
VisualStudioVersion = 15.0.27004.2005
MinimumVisualStudioVersion = 10.0.40219.1
Project("{FAE04EC0-301F-11D3-BF4B-00C04F79EFBC}") = "ArgumenteOptional", "ArgumenteOptional\ArgumenteOptional.csproj", "{9551FD00-6D29-48FB-AF90-90399BDCB965}"
EndProject
Global
	GlobalSection(SolutionConfigurationPlatforms) = preSolution
		Debug|Any CPU = Debug|Any CPU
		Release|Any CPU = Release|Any CPU
	EndGlobalSection
	GlobalSection(ProjectConfigurationPlatforms) = postSolution
		{9551FD00-6D29-48FB-AF90-90399BDCB965}.Debug|Any CPU.ActiveCfg = Debug|Any CPU
		{9551FD00-6D29-48FB-AF90-90399BDCB965}.Debug|Any CPU.Build.0 = Debug|Any CPU
		{9551FD00-6D29-48FB-AF90-90399BDCB965}.Release|Any CPU.ActiveCfg = Release|Any CPU
		{9551FD00-6D29-48FB-AF90-90399BDCB965}.Release|Any CPU.Build.0 = Release|Any CPU
	EndGlobalSection
	GlobalSection(SolutionProperties) = preSolution
		HideSolutionNode = FALSE
	EndGlobalSection
	GlobalSection(ExtensibilityGlobals) = postSolution
		SolutionGuid = {B3D7B07A-BA09-4553-8B3C-58044209499A}
	EndGlobalSection
EndGlobal
