
Microsoft Visual Studio Solution File, Format Version 12.00
# Visual Studio 15
VisualStudioVersion = 15.0.27004.2005
MinimumVisualStudioVersion = 10.0.40219.1
Project("{FAE04EC0-301F-11D3-BF4B-00C04F79EFBC}") = "DatenfeldMehrdimensional", "DatenfeldMehrdimensional\DatenfeldMehrdimensional.csproj", "{2BB6DA5A-7E15-48C1-A09D-5A7676142671}"
EndProject
Project("{FAE04EC0-301F-11D3-BF4B-00C04F79EFBC}") = "UDatenfeldEindimensional", "..\..\..\..\..\..\Users\admin.joel.schoeni\Documents\Visual Studio 2017\Projects\UDatenfeldEindimensional\UDatenfeldEindimensional\UDatenfeldEindimensional.csproj", "{ACE54A00-C9E8-43E7-B0FE-22AEC96DA2B2}"
EndProject
Global
	GlobalSection(SolutionConfigurationPlatforms) = preSolution
		Debug|Any CPU = Debug|Any CPU
		Release|Any CPU = Release|Any CPU
	EndGlobalSection
	GlobalSection(ProjectConfigurationPlatforms) = postSolution
		{2BB6DA5A-7E15-48C1-A09D-5A7676142671}.Debug|Any CPU.ActiveCfg = Debug|Any CPU
		{2BB6DA5A-7E15-48C1-A09D-5A7676142671}.Debug|Any CPU.Build.0 = Debug|Any CPU
		{2BB6DA5A-7E15-48C1-A09D-5A7676142671}.Release|Any CPU.ActiveCfg = Release|Any CPU
		{2BB6DA5A-7E15-48C1-A09D-5A7676142671}.Release|Any CPU.Build.0 = Release|Any CPU
		{ACE54A00-C9E8-43E7-B0FE-22AEC96DA2B2}.Debug|Any CPU.ActiveCfg = Debug|Any CPU
		{ACE54A00-C9E8-43E7-B0FE-22AEC96DA2B2}.Debug|Any CPU.Build.0 = Debug|Any CPU
		{ACE54A00-C9E8-43E7-B0FE-22AEC96DA2B2}.Release|Any CPU.ActiveCfg = Release|Any CPU
		{ACE54A00-C9E8-43E7-B0FE-22AEC96DA2B2}.Release|Any CPU.Build.0 = Release|Any CPU
	EndGlobalSection
	GlobalSection(SolutionProperties) = preSolution
		HideSolutionNode = FALSE
	EndGlobalSection
	GlobalSection(ExtensibilityGlobals) = postSolution
		SolutionGuid = {56B80FA9-66F9-45E8-ADED-730DBFB780EF}
	EndGlobalSection
EndGlobal
